
Microsoft Visual Studio Solution File, Format Version 12.00
# Visual Studio Version 16
VisualStudioVersion = 16.0.33328.57
MinimumVisualStudioVersion = 10.0.40219.1
Project("{9A19103F-16F7-4668-BE54-9A1E7A4F7556}") = "BeingAliveLanguage", "BeingAliveLanguage\BeingAliveLanguage.csproj", "{7D3C8D01-CB06-4133-A232-23C4A2C64E21}"
	ProjectSection(ProjectDependencies) = postProject
		{295224F5-E5BA-4475-8D94-3646C1D1B6B5} = {295224F5-E5BA-4475-8D94-3646C1D1B6B5}
	EndProjectSection
EndProject
Project("{FAE04EC0-301F-11D3-BF4B-00C04F79EFBC}") = "BeingAliveLanguageRhinoCommon", "BeingAliveLanguageRhinoCommon\BeingAliveLanguageRhinoCommon.csproj", "{295224F5-E5BA-4475-8D94-3646C1D1B6B5}"
	ProjectSection(ProjectDependencies) = postProject
		{6576D737-1EFA-4101-A6CA-F926D535B6E9} = {6576D737-1EFA-4101-A6CA-F926D535B6E9}
	EndProjectSection
EndProject
Project("{8BC9CEB8-8B4A-11D0-8D11-00A0C91BC942}") = "BeingAliveLanguageCpp", "BeingAliveLanguageCpp\BeingAliveLanguageCpp.vcxproj", "{6576D737-1EFA-4101-A6CA-F926D535B6E9}"
EndProject
Global
	GlobalSection(SolutionConfigurationPlatforms) = preSolution
		Debug|x64 = Debug|x64
		Release|x64 = Release|x64
	EndGlobalSection
	GlobalSection(ProjectConfigurationPlatforms) = postSolution
		{7D3C8D01-CB06-4133-A232-23C4A2C64E21}.Debug|x64.ActiveCfg = Debug|Any CPU
		{7D3C8D01-CB06-4133-A232-23C4A2C64E21}.Debug|x64.Build.0 = Debug|Any CPU
		{7D3C8D01-CB06-4133-A232-23C4A2C64E21}.Release|x64.ActiveCfg = Release|Any CPU
		{7D3C8D01-CB06-4133-A232-23C4A2C64E21}.Release|x64.Build.0 = Release|Any CPU
		{295224F5-E5BA-4475-8D94-3646C1D1B6B5}.Debug|x64.ActiveCfg = Debug|Any CPU
		{295224F5-E5BA-4475-8D94-3646C1D1B6B5}.Debug|x64.Build.0 = Debug|Any CPU
		{295224F5-E5BA-4475-8D94-3646C1D1B6B5}.Release|x64.ActiveCfg = Release|Any CPU
		{295224F5-E5BA-4475-8D94-3646C1D1B6B5}.Release|x64.Build.0 = Release|Any CPU
		{6576D737-1EFA-4101-A6CA-F926D535B6E9}.Debug|x64.ActiveCfg = Debug|x64
		{6576D737-1EFA-4101-A6CA-F926D535B6E9}.Debug|x64.Build.0 = Debug|x64
		{6576D737-1EFA-4101-A6CA-F926D535B6E9}.Release|x64.ActiveCfg = Release|x64
		{6576D737-1EFA-4101-A6CA-F926D535B6E9}.Release|x64.Build.0 = Release|x64
	EndGlobalSection
	GlobalSection(SolutionProperties) = preSolution
		HideSolutionNode = FALSE
	EndGlobalSection
	GlobalSection(ExtensibilityGlobals) = postSolution
		SolutionGuid = {ACE61343-B00C-4796-B19E-1BF37CE360CA}
	EndGlobalSection
EndGlobal
