
Microsoft Visual Studio Solution File, Format Version 12.00
# Visual Studio Version 17
VisualStudioVersion = 17.2.32616.157
MinimumVisualStudioVersion = 10.0.40219.1
Project("{FAE04EC0-301F-11D3-BF4B-00C04F79EFBC}") = "BALcontract", "BALcontract\BALcontract.csproj", "{03D3BA55-91ED-43A2-902A-775EEB5D0081}"
EndProject
Project("{FAE04EC0-301F-11D3-BF4B-00C04F79EFBC}") = "BALcore", "BALcore\BALcore.csproj", "{EC857A2A-951A-4EBA-8568-23E576DEB4AB}"
EndProject
Project("{9A19103F-16F7-4668-BE54-9A1E7A4F7556}") = "BeingAliveLanguage", "BeingAliveLanguage\BeingAliveLanguage.csproj", "{7D3C8D01-CB06-4133-A232-23C4A2C64E21}"
EndProject
Global
	GlobalSection(SolutionConfigurationPlatforms) = preSolution
		Debug|Any CPU = Debug|Any CPU
		Release|Any CPU = Release|Any CPU
	EndGlobalSection
	GlobalSection(ProjectConfigurationPlatforms) = postSolution
		{03D3BA55-91ED-43A2-902A-775EEB5D0081}.Debug|Any CPU.ActiveCfg = Debug|Any CPU
		{03D3BA55-91ED-43A2-902A-775EEB5D0081}.Debug|Any CPU.Build.0 = Debug|Any CPU
		{03D3BA55-91ED-43A2-902A-775EEB5D0081}.Release|Any CPU.ActiveCfg = Release|Any CPU
		{03D3BA55-91ED-43A2-902A-775EEB5D0081}.Release|Any CPU.Build.0 = Release|Any CPU
		{EC857A2A-951A-4EBA-8568-23E576DEB4AB}.Debug|Any CPU.ActiveCfg = Debug|Any CPU
		{EC857A2A-951A-4EBA-8568-23E576DEB4AB}.Debug|Any CPU.Build.0 = Debug|Any CPU
		{EC857A2A-951A-4EBA-8568-23E576DEB4AB}.Release|Any CPU.ActiveCfg = Release|Any CPU
		{EC857A2A-951A-4EBA-8568-23E576DEB4AB}.Release|Any CPU.Build.0 = Release|Any CPU
		{7D3C8D01-CB06-4133-A232-23C4A2C64E21}.Debug|Any CPU.ActiveCfg = Debug|Any CPU
		{7D3C8D01-CB06-4133-A232-23C4A2C64E21}.Debug|Any CPU.Build.0 = Debug|Any CPU
		{7D3C8D01-CB06-4133-A232-23C4A2C64E21}.Release|Any CPU.ActiveCfg = Release|Any CPU
		{7D3C8D01-CB06-4133-A232-23C4A2C64E21}.Release|Any CPU.Build.0 = Release|Any CPU
	EndGlobalSection
	GlobalSection(SolutionProperties) = preSolution
		HideSolutionNode = FALSE
	EndGlobalSection
	GlobalSection(ExtensibilityGlobals) = postSolution
		SolutionGuid = {ACE61343-B00C-4796-B19E-1BF37CE360CA}
	EndGlobalSection
EndGlobal
